
Microsoft Visual Studio Solution File, Format Version 12.00
# Visual Studio Version 16
VisualStudioVersion = 16.0.29306.81
MinimumVisualStudioVersion = 10.0.40219.1
Project("{FAE04EC0-301F-11D3-BF4B-00C04F79EFBC}") = "cotrack-api", "cotrack-api\cotrack-api.csproj", "{55170162-16E8-4D8B-AE89-9DB2170BBC39}"
EndProject
Global
	GlobalSection(SolutionConfigurationPlatforms) = preSolution
		Debug|Any CPU = Debug|Any CPU
		Release|Any CPU = Release|Any CPU
	EndGlobalSection
	GlobalSection(ProjectConfigurationPlatforms) = postSolution
		{55170162-16E8-4D8B-AE89-9DB2170BBC39}.Debug|Any CPU.ActiveCfg = Debug|Any CPU
		{55170162-16E8-4D8B-AE89-9DB2170BBC39}.Debug|Any CPU.Build.0 = Debug|Any CPU
		{55170162-16E8-4D8B-AE89-9DB2170BBC39}.Release|Any CPU.ActiveCfg = Release|Any CPU
		{55170162-16E8-4D8B-AE89-9DB2170BBC39}.Release|Any CPU.Build.0 = Release|Any CPU
	EndGlobalSection
	GlobalSection(SolutionProperties) = preSolution
		HideSolutionNode = FALSE
	EndGlobalSection
	GlobalSection(ExtensibilityGlobals) = postSolution
		SolutionGuid = {6BC8EA9B-08DD-4C65-912D-8A041D09C332}
	EndGlobalSection
EndGlobal
